{
  "name": "ontimize-web-ngx",
  "version": "8.0.0",
  "lockfileVersion": 1,
  "requires": true,
  "dependencies": {
    "@ngx-translate/core": {
      "version": "11.0.1",
      "resolved": "https://registry.npmjs.org/@ngx-translate/core/-/core-11.0.1.tgz",
      "integrity": "sha512-nBCa1ZD9fAUY/3eskP3Lql2fNg8OMrYIej1/5GRsfcutx9tG/5fZLCv9m6UCw1aS+u4uK/vXjv1ctG/FdMvaWg==",
      "requires": {
        "tslib": "^1.9.0"
      }
    },
    "@ngx-translate/http-loader": {
      "version": "4.0.0",
      "resolved": "https://registry.npmjs.org/@ngx-translate/http-loader/-/http-loader-4.0.0.tgz",
      "integrity": "sha512-x8LumqydWD7eX9yQTAVeoCM9gFUIGVTUjZqbxdAUavAA3qVnk9wCQux7iHLPXpydl8vyQmLoPQR+fFU+DUDOMA==",
      "requires": {
        "tslib": "^1.9.0"
      }
    },
    "@types/luxon": {
      "version": "1.22.0",
      "resolved": "https://registry.npmjs.org/@types/luxon/-/luxon-1.22.0.tgz",
      "integrity": "sha512-riAvdx85rU7OXCrjW3f7dIf7fuJDrxck2Dkjd0weh6ul7q+wumrwe6+/tD8v7yOKnZAuEnTFF4FU7b+5W/I3bw=="
    },
    "luxon": {
      "version": "1.23.0",
      "resolved": "https://registry.npmjs.org/luxon/-/luxon-1.23.0.tgz",
      "integrity": "sha512-+6a/bXsCWrrR8vfbL41iM92es12zwV2Rum/KPkT+ubOZnnU3Sqbqok/FmD1xsWlWN2Y9Hu0fU/vNgU24ns7bpA=="
    },
    "moment": {
      "version": "2.24.0",
      "resolved": "https://registry.npmjs.org/moment/-/moment-2.24.0.tgz",
      "integrity": "sha512-bV7f+6l2QigeBBZSM/6yTNq4P2fNpSWj/0e7jQcy87A8e7o2nAfP/34/2ky5Vw4B9S446EtIhodAzkFCcR4dQg=="
    },
    "ngx-material-timepicker": {
      "version": "5.4.3",
      "resolved": "https://registry.npmjs.org/ngx-material-timepicker/-/ngx-material-timepicker-5.4.3.tgz",
      "integrity": "sha512-mz2wv79Yq4mnUOQe1ip8GzP0z6i1h/w6vk7qqchP1JTQvzzPYeVHvZS8fSRy9h4rNst61dIXVpT2d6PKcqiv8A==",
      "requires": {
        "@types/luxon": "^1.11.1",
        "luxon": "^1.22.0",
        "tslib": "^1.9.0"
      }
    },
    "reflect-metadata": {
      "version": "0.1.13",
      "resolved": "https://registry.npmjs.org/reflect-metadata/-/reflect-metadata-0.1.13.tgz",
      "integrity": "sha512-Ts1Y/anZELhSsjMcU605fU9RE4Oi3p5ORujwbIKXfWa+0Zxs510Qrmrce5/Jowq3cHSZSJqBjypxmHarc+vEWg=="
    },
    "tslib": {
      "version": "1.11.1",
      "resolved": "https://registry.npmjs.org/tslib/-/tslib-1.11.1.tgz",
      "integrity": "sha512-aZW88SY8kQbU7gpV19lN24LtXh/yD4ZZg6qieAJDDg+YBsJcSmLGK9QpnUjAKVG/xefmvJGd1WUmfpT/g6AJGA=="
    }
  }
}
