{
  "name": "ontimize-web-ngx",
  "version": "8.7.0-SNAPSHOT-0",
  "lockfileVersion": 1,
  "requires": true,
  "dependencies": {
    "@ngx-translate/core": {
      "version": "12.1.2",
      "resolved": "https://registry.npmjs.org/@ngx-translate/core/-/core-12.1.2.tgz",
      "integrity": "sha512-ZudJsqIxTKlLmPoqK8gJY3UpMGujR0Xm7HfXL6AR79yGRS23QqpjAhMfx4v5qUCcHMmQ9/78bW8QJLfp31c7vQ=="
    },
    "@ngx-translate/http-loader": {
      "version": "4.0.0",
      "resolved": "https://registry.npmjs.org/@ngx-translate/http-loader/-/http-loader-4.0.0.tgz",
      "integrity": "sha512-x8LumqydWD7eX9yQTAVeoCM9gFUIGVTUjZqbxdAUavAA3qVnk9wCQux7iHLPXpydl8vyQmLoPQR+fFU+DUDOMA==",
      "requires": {
        "tslib": "^1.9.0"
      }
    },
    "@types/luxon": {
      "version": "1.27.1",
      "resolved": "https://registry.npmjs.org/@types/luxon/-/luxon-1.27.1.tgz",
      "integrity": "sha512-cPiXpOvPFDr2edMnOXlz3UBDApwUfR+cpizvxCy0n3vp9bz/qe8BWzHPIEFcy+ogUOyjKuCISgyq77ELZPmkkg=="
    },
    "angular-resizable-element": {
      "version": "3.3.4",
      "resolved": "https://registry.npmjs.org/angular-resizable-element/-/angular-resizable-element-3.3.4.tgz",
      "integrity": "sha512-jA3j8qcWXKR+rdXxerAjpKhUsoUlEBQP3CmutHcHRAKTkQjZTd1LcZOZOnfIdOToyXsIKXYscbHpbPoCeew2Yw==",
      "requires": {
        "tslib": "^1.9.0"
      }
    },
    "luxon": {
      "version": "1.28.0",
      "resolved": "https://registry.npmjs.org/luxon/-/luxon-1.28.0.tgz",
      "integrity": "sha512-TfTiyvZhwBYM/7QdAVDh+7dBTBA29v4ik0Ce9zda3Mnf8on1S5KJI8P2jKFZ8+5C0jhmr0KwJEO/Wdpm0VeWJQ=="
    },
    "moment": {
      "version": "2.29.2",
      "resolved": "https://registry.npmjs.org/moment/-/moment-2.29.2.tgz",
      "integrity": "sha512-UgzG4rvxYpN15jgCmVJwac49h9ly9NurikMWGPdVxm8GZD6XjkKPxDTjQQ43gtGgnV3X0cAyWDdP2Wexoquifg=="
    },
    "ngx-material-timepicker": {
      "version": "5.4.3",
      "resolved": "https://registry.npmjs.org/ngx-material-timepicker/-/ngx-material-timepicker-5.4.3.tgz",
      "integrity": "sha512-mz2wv79Yq4mnUOQe1ip8GzP0z6i1h/w6vk7qqchP1JTQvzzPYeVHvZS8fSRy9h4rNst61dIXVpT2d6PKcqiv8A==",
      "requires": {
        "@types/luxon": "^1.11.1",
        "luxon": "^1.22.0",
        "tslib": "^1.9.0"
      }
    },
    "reflect-metadata": {
      "version": "0.1.13",
      "resolved": "https://registry.npmjs.org/reflect-metadata/-/reflect-metadata-0.1.13.tgz",
      "integrity": "sha512-Ts1Y/anZELhSsjMcU605fU9RE4Oi3p5ORujwbIKXfWa+0Zxs510Qrmrce5/Jowq3cHSZSJqBjypxmHarc+vEWg=="
    },
    "tslib": {
      "version": "1.14.1",
      "resolved": "https://registry.npmjs.org/tslib/-/tslib-1.14.1.tgz",
      "integrity": "sha512-Xni35NKzjgMrwevysHTCArtLDpPvye8zV/0E4EyYn43P7/7qvQwPh9BGkHewbMulVntbigmcT7rdX3BNo9wRJg=="
    }
  }
}
